
Microsoft Visual Studio Solution File, Format Version 12.00
# Visual Studio 2017
Project("{FAE04EC0-301F-11D3-BF4B-00C04F79EFBC}") = "Our_Bowling_Game", "Our_Bowling_Game.csproj", "{2D6F2F01-5CFD-5172-60F0-2AD7737E9FBB}"
EndProject
Project("{FAE04EC0-301F-11D3-BF4B-00C04F79EFBC}") = "Our_Bowling_Game.Editor", "Our_Bowling_Game.Editor.csproj", "{D3F7029B-0592-25CC-0942-81FCD79B0A08}"
EndProject
Global
	GlobalSection(SolutionConfigurationPlatforms) = preSolution
		Debug|Any CPU = Debug|Any CPU
		Release|Any CPU = Release|Any CPU
	EndGlobalSection
	GlobalSection(ProjectConfigurationPlatforms) = postSolution
		{2D6F2F01-5CFD-5172-60F0-2AD7737E9FBB}.Debug|Any CPU.ActiveCfg = Debug|Any CPU
		{2D6F2F01-5CFD-5172-60F0-2AD7737E9FBB}.Debug|Any CPU.Build.0 = Debug|Any CPU
		{2D6F2F01-5CFD-5172-60F0-2AD7737E9FBB}.Release|Any CPU.ActiveCfg = Release|Any CPU
		{2D6F2F01-5CFD-5172-60F0-2AD7737E9FBB}.Release|Any CPU.Build.0 = Release|Any CPU
		{D3F7029B-0592-25CC-0942-81FCD79B0A08}.Debug|Any CPU.ActiveCfg = Debug|Any CPU
		{D3F7029B-0592-25CC-0942-81FCD79B0A08}.Debug|Any CPU.Build.0 = Debug|Any CPU
		{D3F7029B-0592-25CC-0942-81FCD79B0A08}.Release|Any CPU.ActiveCfg = Release|Any CPU
		{D3F7029B-0592-25CC-0942-81FCD79B0A08}.Release|Any CPU.Build.0 = Release|Any CPU
	EndGlobalSection
	GlobalSection(SolutionProperties) = preSolution
		HideSolutionNode = FALSE
	EndGlobalSection
EndGlobal
