
Microsoft Visual Studio Solution File, Format Version 11.00
# Visual Studio 2010
Project("{FAE04EC0-301F-11D3-BF4B-00C04F79EFBC}") = "Our_Bowling_Game", "Assembly-CSharp-firstpass.csproj", "{D5959306-C82E-6782-22D1-01BD2AFED35F}"
EndProject
Project("{FAE04EC0-301F-11D3-BF4B-00C04F79EFBC}") = "Our_Bowling_Game", "Assembly-CSharp.csproj", "{D4CFA811-C06E-3AF2-3620-2208D9659877}"
EndProject
Project("{FAE04EC0-301F-11D3-BF4B-00C04F79EFBC}") = "Our_Bowling_Game", "Assembly-CSharp-Editor.csproj", "{7CA0FD61-38B2-2D16-D415-654246345865}"
EndProject
Project("{FAE04EC0-301F-11D3-BF4B-00C04F79EFBC}") = "Our_Bowling_Game", "Assembly-CSharp-Editor-firstpass.csproj", "{A62889D8-6481-3D01-37ED-E16AE2F968C4}"
EndProject
Global
	GlobalSection(SolutionConfigurationPlatforms) = preSolution
		Debug|Any CPU = Debug|Any CPU
		Release|Any CPU = Release|Any CPU
	EndGlobalSection
	GlobalSection(ProjectConfigurationPlatforms) = postSolution
		{D5959306-C82E-6782-22D1-01BD2AFED35F}.Debug|Any CPU.ActiveCfg = Debug|Any CPU
		{D5959306-C82E-6782-22D1-01BD2AFED35F}.Debug|Any CPU.Build.0 = Debug|Any CPU
		{D5959306-C82E-6782-22D1-01BD2AFED35F}.Release|Any CPU.ActiveCfg = Release|Any CPU
		{D5959306-C82E-6782-22D1-01BD2AFED35F}.Release|Any CPU.Build.0 = Release|Any CPU
		{D4CFA811-C06E-3AF2-3620-2208D9659877}.Debug|Any CPU.ActiveCfg = Debug|Any CPU
		{D4CFA811-C06E-3AF2-3620-2208D9659877}.Debug|Any CPU.Build.0 = Debug|Any CPU
		{D4CFA811-C06E-3AF2-3620-2208D9659877}.Release|Any CPU.ActiveCfg = Release|Any CPU
		{D4CFA811-C06E-3AF2-3620-2208D9659877}.Release|Any CPU.Build.0 = Release|Any CPU
		{7CA0FD61-38B2-2D16-D415-654246345865}.Debug|Any CPU.ActiveCfg = Debug|Any CPU
		{7CA0FD61-38B2-2D16-D415-654246345865}.Debug|Any CPU.Build.0 = Debug|Any CPU
		{7CA0FD61-38B2-2D16-D415-654246345865}.Release|Any CPU.ActiveCfg = Release|Any CPU
		{7CA0FD61-38B2-2D16-D415-654246345865}.Release|Any CPU.Build.0 = Release|Any CPU
		{A62889D8-6481-3D01-37ED-E16AE2F968C4}.Debug|Any CPU.ActiveCfg = Debug|Any CPU
		{A62889D8-6481-3D01-37ED-E16AE2F968C4}.Debug|Any CPU.Build.0 = Debug|Any CPU
		{A62889D8-6481-3D01-37ED-E16AE2F968C4}.Release|Any CPU.ActiveCfg = Release|Any CPU
		{A62889D8-6481-3D01-37ED-E16AE2F968C4}.Release|Any CPU.Build.0 = Release|Any CPU
	EndGlobalSection
	GlobalSection(SolutionProperties) = preSolution
		HideSolutionNode = FALSE
	EndGlobalSection
	GlobalSection(MonoDevelopProperties) = preSolution
		StartupItem = Assembly-CSharp.csproj
	EndGlobalSection
EndGlobal
