
Microsoft Visual Studio Solution File, Format Version 12.00
# Visual Studio 15
Project("{FAE04EC0-301F-11D3-BF4B-00C04F79EFBC}") = "Crazy Bowling V2", "Crazy Bowling V2.csproj", "{864E3AC2-FB15-ECA7-69F4-E8195D0AEE8C}"
EndProject
Project("{FAE04EC0-301F-11D3-BF4B-00C04F79EFBC}") = "Crazy Bowling V2.Editor", "Crazy Bowling V2.Editor.csproj", "{5B83BDBD-0FDF-8141-300E-17F13B3C76FF}"
EndProject
Global
	GlobalSection(SolutionConfigurationPlatforms) = preSolution
		Debug|Any CPU = Debug|Any CPU
		Release|Any CPU = Release|Any CPU
	EndGlobalSection
	GlobalSection(ProjectConfigurationPlatforms) = postSolution
		{864E3AC2-FB15-ECA7-69F4-E8195D0AEE8C}.Debug|Any CPU.ActiveCfg = Debug|Any CPU
		{864E3AC2-FB15-ECA7-69F4-E8195D0AEE8C}.Debug|Any CPU.Build.0 = Debug|Any CPU
		{864E3AC2-FB15-ECA7-69F4-E8195D0AEE8C}.Release|Any CPU.ActiveCfg = Release|Any CPU
		{864E3AC2-FB15-ECA7-69F4-E8195D0AEE8C}.Release|Any CPU.Build.0 = Release|Any CPU
		{5B83BDBD-0FDF-8141-300E-17F13B3C76FF}.Debug|Any CPU.ActiveCfg = Debug|Any CPU
		{5B83BDBD-0FDF-8141-300E-17F13B3C76FF}.Debug|Any CPU.Build.0 = Debug|Any CPU
		{5B83BDBD-0FDF-8141-300E-17F13B3C76FF}.Release|Any CPU.ActiveCfg = Release|Any CPU
		{5B83BDBD-0FDF-8141-300E-17F13B3C76FF}.Release|Any CPU.Build.0 = Release|Any CPU
	EndGlobalSection
	GlobalSection(SolutionProperties) = preSolution
		HideSolutionNode = FALSE
	EndGlobalSection
EndGlobal
